
Microsoft Visual Studio Solution File, Format Version 12.00
# Visual Studio Version 17
VisualStudioVersion = 17.14.36908.2 d17.14
MinimumVisualStudioVersion = 10.0.40219.1
Project("{FAE04EC0-301F-11D3-BF4B-00C04F79EFBC}") = "Permission.Application", "Permission.Application\Permission.Application.csproj", "{8B4A96AB-B800-4042-9C0F-3E829A950A17}"
EndProject
Project("{FAE04EC0-301F-11D3-BF4B-00C04F79EFBC}") = "Permission.Domain", "Permission.Domain\Permission.Domain.csproj", "{2581A4B4-CB1C-4665-84B2-C8F8CE311275}"
EndProject
Project("{FAE04EC0-301F-11D3-BF4B-00C04F79EFBC}") = "Permission.Infrastructure", "Permission.Infrastructure\Permission.Infrastructure.csproj", "{232C353C-C817-436A-8F18-9DD87AC2DBA4}"
EndProject
Project("{FAE04EC0-301F-11D3-BF4B-00C04F79EFBC}") = "Permission.API", "Permission.API\Permission.API.csproj", "{BFFB952E-AB8F-4E61-8519-385F4990F810}"
EndProject
Project("{2150E333-8FDC-42A3-9474-1A3956D46DE8}") = "src", "src", "{7295EE7D-FD34-4F8B-B14D-9E6556813B8B}"
EndProject
Project("{2150E333-8FDC-42A3-9474-1A3956D46DE8}") = "Solution-items", "Solution-items", "{E6FE40C3-4D91-4A7E-AC0E-B8D898DFF013}"
EndProject
Project("{2150E333-8FDC-42A3-9474-1A3956D46DE8}") = "Services", "Services", "{5278F480-B125-4F41-AC53-DB384D5488E0}"
EndProject
Project("{2150E333-8FDC-42A3-9474-1A3956D46DE8}") = "BuildingBlocks", "BuildingBlocks", "{F3A1A98D-E8DE-45D0-936A-66DBEEC28807}"
EndProject
Project("{FAE04EC0-301F-11D3-BF4B-00C04F79EFBC}") = "Authorization", "BuildingBlocks\Authorization\Authorization.csproj", "{C92B3E7D-9724-437D-A144-F82F6283D4C9}"
EndProject
Project("{2150E333-8FDC-42A3-9474-1A3956D46DE8}") = "Permission", "Permission", "{70509392-C666-4A29-9122-277DC67A1250}"
EndProject
Project("{2150E333-8FDC-42A3-9474-1A3956D46DE8}") = "Customer", "Customer", "{C312EC6C-5A97-40D2-AC7E-732EB064CCFD}"
EndProject
Project("{FAE04EC0-301F-11D3-BF4B-00C04F79EFBC}") = "Customer.API", "Services\Customer\Customer.API\Customer.API.csproj", "{9698012C-C398-4262-825B-EBA7F4F3077E}"
EndProject
Project("{FAE04EC0-301F-11D3-BF4B-00C04F79EFBC}") = "Customer.Application", "Services\Customer\Customer.Application\Customer.Application.csproj", "{8EAB8177-95B9-4120-9AF4-C069AE68FC4D}"
EndProject
Project("{FAE04EC0-301F-11D3-BF4B-00C04F79EFBC}") = "Customer.Domain", "Services\Customer\Customer.Domain\Customer.Domain.csproj", "{6D9E77A3-4864-485F-A4F3-65A3B006CEE3}"
EndProject
Project("{FAE04EC0-301F-11D3-BF4B-00C04F79EFBC}") = "Customer.Infrastructure", "Services\Customer\Customer.Infrastructure\Customer.Infrastructure.csproj", "{A841829D-B495-49F2-A4FB-2A7DE1C35976}"
EndProject
Project("{2150E333-8FDC-42A3-9474-1A3956D46DE8}") = "Contracts", "Contracts", "{02EA681E-C7D8-13C7-8484-4AC65E1B71E8}"
EndProject
Project("{FAE04EC0-301F-11D3-BF4B-00C04F79EFBC}") = "Contracts", "Contracts\Contracts\Contracts.csproj", "{DC2738DE-7C2F-4E58-AD87-66798CF652BC}"
EndProject
Global
	GlobalSection(SolutionConfigurationPlatforms) = preSolution
		Debug|Any CPU = Debug|Any CPU
		Release|Any CPU = Release|Any CPU
	EndGlobalSection
	GlobalSection(ProjectConfigurationPlatforms) = postSolution
		{8B4A96AB-B800-4042-9C0F-3E829A950A17}.Debug|Any CPU.ActiveCfg = Debug|Any CPU
		{8B4A96AB-B800-4042-9C0F-3E829A950A17}.Debug|Any CPU.Build.0 = Debug|Any CPU
		{8B4A96AB-B800-4042-9C0F-3E829A950A17}.Release|Any CPU.ActiveCfg = Release|Any CPU
		{8B4A96AB-B800-4042-9C0F-3E829A950A17}.Release|Any CPU.Build.0 = Release|Any CPU
		{2581A4B4-CB1C-4665-84B2-C8F8CE311275}.Debug|Any CPU.ActiveCfg = Debug|Any CPU
		{2581A4B4-CB1C-4665-84B2-C8F8CE311275}.Debug|Any CPU.Build.0 = Debug|Any CPU
		{2581A4B4-CB1C-4665-84B2-C8F8CE311275}.Release|Any CPU.ActiveCfg = Release|Any CPU
		{2581A4B4-CB1C-4665-84B2-C8F8CE311275}.Release|Any CPU.Build.0 = Release|Any CPU
		{232C353C-C817-436A-8F18-9DD87AC2DBA4}.Debug|Any CPU.ActiveCfg = Debug|Any CPU
		{232C353C-C817-436A-8F18-9DD87AC2DBA4}.Debug|Any CPU.Build.0 = Debug|Any CPU
		{232C353C-C817-436A-8F18-9DD87AC2DBA4}.Release|Any CPU.ActiveCfg = Release|Any CPU
		{232C353C-C817-436A-8F18-9DD87AC2DBA4}.Release|Any CPU.Build.0 = Release|Any CPU
		{BFFB952E-AB8F-4E61-8519-385F4990F810}.Debug|Any CPU.ActiveCfg = Debug|Any CPU
		{BFFB952E-AB8F-4E61-8519-385F4990F810}.Debug|Any CPU.Build.0 = Debug|Any CPU
		{BFFB952E-AB8F-4E61-8519-385F4990F810}.Release|Any CPU.ActiveCfg = Release|Any CPU
		{BFFB952E-AB8F-4E61-8519-385F4990F810}.Release|Any CPU.Build.0 = Release|Any CPU
		{C92B3E7D-9724-437D-A144-F82F6283D4C9}.Debug|Any CPU.ActiveCfg = Debug|Any CPU
		{C92B3E7D-9724-437D-A144-F82F6283D4C9}.Debug|Any CPU.Build.0 = Debug|Any CPU
		{C92B3E7D-9724-437D-A144-F82F6283D4C9}.Release|Any CPU.ActiveCfg = Release|Any CPU
		{C92B3E7D-9724-437D-A144-F82F6283D4C9}.Release|Any CPU.Build.0 = Release|Any CPU
		{9698012C-C398-4262-825B-EBA7F4F3077E}.Debug|Any CPU.ActiveCfg = Debug|Any CPU
		{9698012C-C398-4262-825B-EBA7F4F3077E}.Debug|Any CPU.Build.0 = Debug|Any CPU
		{9698012C-C398-4262-825B-EBA7F4F3077E}.Release|Any CPU.ActiveCfg = Release|Any CPU
		{9698012C-C398-4262-825B-EBA7F4F3077E}.Release|Any CPU.Build.0 = Release|Any CPU
		{8EAB8177-95B9-4120-9AF4-C069AE68FC4D}.Debug|Any CPU.ActiveCfg = Debug|Any CPU
		{8EAB8177-95B9-4120-9AF4-C069AE68FC4D}.Debug|Any CPU.Build.0 = Debug|Any CPU
		{8EAB8177-95B9-4120-9AF4-C069AE68FC4D}.Release|Any CPU.ActiveCfg = Release|Any CPU
		{8EAB8177-95B9-4120-9AF4-C069AE68FC4D}.Release|Any CPU.Build.0 = Release|Any CPU
		{6D9E77A3-4864-485F-A4F3-65A3B006CEE3}.Debug|Any CPU.ActiveCfg = Debug|Any CPU
		{6D9E77A3-4864-485F-A4F3-65A3B006CEE3}.Debug|Any CPU.Build.0 = Debug|Any CPU
		{6D9E77A3-4864-485F-A4F3-65A3B006CEE3}.Release|Any CPU.ActiveCfg = Release|Any CPU
		{6D9E77A3-4864-485F-A4F3-65A3B006CEE3}.Release|Any CPU.Build.0 = Release|Any CPU
		{A841829D-B495-49F2-A4FB-2A7DE1C35976}.Debug|Any CPU.ActiveCfg = Debug|Any CPU
		{A841829D-B495-49F2-A4FB-2A7DE1C35976}.Debug|Any CPU.Build.0 = Debug|Any CPU
		{A841829D-B495-49F2-A4FB-2A7DE1C35976}.Release|Any CPU.ActiveCfg = Release|Any CPU
		{A841829D-B495-49F2-A4FB-2A7DE1C35976}.Release|Any CPU.Build.0 = Release|Any CPU
		{DC2738DE-7C2F-4E58-AD87-66798CF652BC}.Debug|Any CPU.ActiveCfg = Debug|Any CPU
		{DC2738DE-7C2F-4E58-AD87-66798CF652BC}.Debug|Any CPU.Build.0 = Debug|Any CPU
		{DC2738DE-7C2F-4E58-AD87-66798CF652BC}.Release|Any CPU.ActiveCfg = Release|Any CPU
		{DC2738DE-7C2F-4E58-AD87-66798CF652BC}.Release|Any CPU.Build.0 = Release|Any CPU
	EndGlobalSection
	GlobalSection(SolutionProperties) = preSolution
		HideSolutionNode = FALSE
	EndGlobalSection
	GlobalSection(NestedProjects) = preSolution
		{8B4A96AB-B800-4042-9C0F-3E829A950A17} = {70509392-C666-4A29-9122-277DC67A1250}
		{2581A4B4-CB1C-4665-84B2-C8F8CE311275} = {70509392-C666-4A29-9122-277DC67A1250}
		{232C353C-C817-436A-8F18-9DD87AC2DBA4} = {70509392-C666-4A29-9122-277DC67A1250}
		{BFFB952E-AB8F-4E61-8519-385F4990F810} = {70509392-C666-4A29-9122-277DC67A1250}
		{5278F480-B125-4F41-AC53-DB384D5488E0} = {7295EE7D-FD34-4F8B-B14D-9E6556813B8B}
		{F3A1A98D-E8DE-45D0-936A-66DBEEC28807} = {7295EE7D-FD34-4F8B-B14D-9E6556813B8B}
		{C92B3E7D-9724-437D-A144-F82F6283D4C9} = {F3A1A98D-E8DE-45D0-936A-66DBEEC28807}
		{70509392-C666-4A29-9122-277DC67A1250} = {5278F480-B125-4F41-AC53-DB384D5488E0}
		{C312EC6C-5A97-40D2-AC7E-732EB064CCFD} = {5278F480-B125-4F41-AC53-DB384D5488E0}
		{9698012C-C398-4262-825B-EBA7F4F3077E} = {C312EC6C-5A97-40D2-AC7E-732EB064CCFD}
		{8EAB8177-95B9-4120-9AF4-C069AE68FC4D} = {C312EC6C-5A97-40D2-AC7E-732EB064CCFD}
		{6D9E77A3-4864-485F-A4F3-65A3B006CEE3} = {C312EC6C-5A97-40D2-AC7E-732EB064CCFD}
		{A841829D-B495-49F2-A4FB-2A7DE1C35976} = {C312EC6C-5A97-40D2-AC7E-732EB064CCFD}
		{02EA681E-C7D8-13C7-8484-4AC65E1B71E8} = {7295EE7D-FD34-4F8B-B14D-9E6556813B8B}
		{DC2738DE-7C2F-4E58-AD87-66798CF652BC} = {02EA681E-C7D8-13C7-8484-4AC65E1B71E8}
	EndGlobalSection
	GlobalSection(ExtensibilityGlobals) = postSolution
		SolutionGuid = {9E021B86-4EDF-4FBB-B51C-A6BC5692E972}
	EndGlobalSection
EndGlobal
